
Microsoft Visual Studio Solution File, Format Version 12.00
# Visual Studio 15
VisualStudioVersion = 15.0.28307.271
MinimumVisualStudioVersion = 10.0.40219.1
Project("{FAE04EC0-301F-11D3-BF4B-00C04F79EFBC}") = "RazorPagesMovie", "RazorPagesMovie\RazorPagesMovie.csproj", "{5A12542D-18F2-4674-8B04-E29189DB9D39}"
EndProject
Global
	GlobalSection(SolutionConfigurationPlatforms) = preSolution
		Debug|Any CPU = Debug|Any CPU
		Release|Any CPU = Release|Any CPU
	EndGlobalSection
	GlobalSection(ProjectConfigurationPlatforms) = postSolution
		{5A12542D-18F2-4674-8B04-E29189DB9D39}.Debug|Any CPU.ActiveCfg = Debug|Any CPU
		{5A12542D-18F2-4674-8B04-E29189DB9D39}.Debug|Any CPU.Build.0 = Debug|Any CPU
		{5A12542D-18F2-4674-8B04-E29189DB9D39}.Release|Any CPU.ActiveCfg = Release|Any CPU
		{5A12542D-18F2-4674-8B04-E29189DB9D39}.Release|Any CPU.Build.0 = Release|Any CPU
	EndGlobalSection
	GlobalSection(SolutionProperties) = preSolution
		HideSolutionNode = FALSE
	EndGlobalSection
	GlobalSection(ExtensibilityGlobals) = postSolution
		SolutionGuid = {04051802-5153-4B0D-9B39-B4391B4E0A54}
	EndGlobalSection
EndGlobal
